{
  "name": "asheq-npm-test",
  "version": "1.0.2",
  "lockfileVersion": 1,
  "requires": true,
  "dependencies": {
    "asheq-frame-print": {
      "version": "1.0.0",
      "resolved": "https://registry.npmjs.org/asheq-frame-print/-/asheq-frame-print-1.0.0.tgz",
      "integrity": "sha512-XTNUjTZ9RgyeJQ5w1sWtcUobaoKfvWw7UL3RHg6b9w7f+joC7RlX2GoGHbLY34ZQj6LoPWKKWkQSkQ9UfNFzWg=="
    },
    "asheq-npm-test-sub": {
      "version": "1.0.5",
      "resolved": "https://registry.npmjs.org/asheq-npm-test-sub/-/asheq-npm-test-sub-1.0.5.tgz",
      "integrity": "sha512-KjV34UnCLwgtkUEQF1sxy/3vSb/TqX2ZI/DnL93jFq6E/4dVlplhS2PLDF2bJ5wzfHUr8JklgSjUPHSWd7h8uw==",
      "requires": {
        "lodash": "^3.0.0"
      },
      "dependencies": {
        "lodash": {
          "version": "3.10.1",
          "resolved": "https://registry.npmjs.org/lodash/-/lodash-3.10.1.tgz",
          "integrity": "sha1-W/Rejkm6QYnhfUgnid/RW9FAt7Y="
        }
      }
    },
    "lodash": {
      "version": "4.17.15",
      "resolved": "https://registry.npmjs.org/lodash/-/lodash-4.17.15.tgz",
      "integrity": "sha512-8xOcRHvCjnocdS5cpwXQXVzmmh5e5+saE2QGoeQmbKmRS6J3VQppPOIt0MnmE+4xlZoumy0GPG0D0MVIQbNA1A=="
    }
  }
}
